
Microsoft Visual Studio Solution File, Format Version 12.00
# Visual Studio Version 16
VisualStudioVersion = 16.0.34114.132
MinimumVisualStudioVersion = 10.0.40219.1
Project("{8BC9CEB8-8B4A-11D0-8D11-00A0C91BC942}") = "test_11.27", "test_11.27\test_11.27.vcxproj", "{E5CE34D4-2EBD-4F1F-A274-15B9A94F9000}"
EndProject
Global
	GlobalSection(SolutionConfigurationPlatforms) = preSolution
		Debug|x64 = Debug|x64
		Debug|x86 = Debug|x86
		Release|x64 = Release|x64
		Release|x86 = Release|x86
	EndGlobalSection
	GlobalSection(ProjectConfigurationPlatforms) = postSolution
		{E5CE34D4-2EBD-4F1F-A274-15B9A94F9000}.Debug|x64.ActiveCfg = Debug|x64
		{E5CE34D4-2EBD-4F1F-A274-15B9A94F9000}.Debug|x64.Build.0 = Debug|x64
		{E5CE34D4-2EBD-4F1F-A274-15B9A94F9000}.Debug|x86.ActiveCfg = Debug|Win32
		{E5CE34D4-2EBD-4F1F-A274-15B9A94F9000}.Debug|x86.Build.0 = Debug|Win32
		{E5CE34D4-2EBD-4F1F-A274-15B9A94F9000}.Release|x64.ActiveCfg = Release|x64
		{E5CE34D4-2EBD-4F1F-A274-15B9A94F9000}.Release|x64.Build.0 = Release|x64
		{E5CE34D4-2EBD-4F1F-A274-15B9A94F9000}.Release|x86.ActiveCfg = Release|Win32
		{E5CE34D4-2EBD-4F1F-A274-15B9A94F9000}.Release|x86.Build.0 = Release|Win32
	EndGlobalSection
	GlobalSection(SolutionProperties) = preSolution
		HideSolutionNode = FALSE
	EndGlobalSection
	GlobalSection(ExtensibilityGlobals) = postSolution
		SolutionGuid = {1C2ED01F-3D6D-4E46-9455-49E5AEED0D0A}
	EndGlobalSection
EndGlobal
